{
  "name": "Integração-Front-Back",
  "lockfileVersion": 3,
  "requires": true,
  "packages": {
    "": {
      "dependencies": {
        "core-js": "^3.33.0",
        "date-and-time": "^3.0.3"
      }
    },
    "node_modules/core-js": {
      "version": "3.33.0",
      "resolved": "https://registry.npmjs.org/core-js/-/core-js-3.33.0.tgz",
      "integrity": "sha512-HoZr92+ZjFEKar5HS6MC776gYslNOKHt75mEBKWKnPeFDpZ6nH5OeF3S6HFT1mUAUZKrzkez05VboaX8myjSuw==",
      "hasInstallScript": true,
      "funding": {
        "type": "opencollective",
        "url": "https://opencollective.com/core-js"
      }
    },
    "node_modules/date-and-time": {
      "version": "3.0.3",
      "resolved": "https://registry.npmjs.org/date-and-time/-/date-and-time-3.0.3.tgz",
      "integrity": "sha512-CmHCeTixc3KA5pcLTVs9JCFhmJMFTBsmSsgHnNed4YDNw9yUOrjjRn3zALy8eMgqmTO+4U8k5jl1peC7IoezfA=="
    }
  }
}
